
Microsoft Visual Studio Solution File, Format Version 12.00
Project("{FAE04EC0-301F-11D3-BF4B-00C04F79EFBC}") = "BackgroundServicePoc", "BackgroundServicePoc.csproj", "{29C7862B-B946-46EC-BD56-BBC8F90259AB}"
EndProject
Global
	GlobalSection(SolutionConfigurationPlatforms) = preSolution
		Debug|Any CPU = Debug|Any CPU
		Release|Any CPU = Release|Any CPU
	EndGlobalSection
	GlobalSection(ProjectConfigurationPlatforms) = postSolution
		{29C7862B-B946-46EC-BD56-BBC8F90259AB}.Debug|Any CPU.ActiveCfg = Debug|Any CPU
		{29C7862B-B946-46EC-BD56-BBC8F90259AB}.Debug|Any CPU.Build.0 = Debug|Any CPU
		{29C7862B-B946-46EC-BD56-BBC8F90259AB}.Release|Any CPU.ActiveCfg = Release|Any CPU
		{29C7862B-B946-46EC-BD56-BBC8F90259AB}.Release|Any CPU.Build.0 = Release|Any CPU
	EndGlobalSection
EndGlobal
